dependencies:
  espressif/led_strip:
    component_hash: fc66f8544851132555bc668475f7b68acd6a211c8075db5ce1951cbfa27dfb88
    source:
      service_url: https://api.components.espressif.com/
      type: service
    version: 2.5.4
  idf:
    component_hash: null
    source:
      type: idf
    version: 5.1.2
manifest_hash: 0b37802662fad973acdfeb37650cbae9d1a09dbbead3a9fa58e4d0922b9f87ec
target: esp32
version: 1.0.0
